# THIS IS A MACHINE-GENERATED FILE. DO NOT EDIT MANUALLY.

[solution]
[solution.context]
solved = true
[[solution.state]]
crate = "gtkada"
fulfilment = "hinted"
pinned = false
transitivity = "direct"
versions = ">=17"
[[solution.state]]
crate = "libgio"
fulfilment = "missed"
pinned = false
transitivity = "direct"
versions = "^2.0"

